
Microsoft Visual Studio Solution File, Format Version 12.00
# Visual Studio Version 16
VisualStudioVersion = 16.0.30330.147
MinimumVisualStudioVersion = 10.0.40219.1
Project("{FAE04EC0-301F-11D3-BF4B-00C04F79EFBC}") = "NUnitTestLib", "NUnitTestLib\NUnitTestLib.csproj", "{FC411F63-7F7D-4713-BAB1-60E4F780DCF6}"
EndProject
Project("{FAE04EC0-301F-11D3-BF4B-00C04F79EFBC}") = "XUnitTestLib", "XUnitTestLib\XUnitTestLib.csproj", "{3B9FF606-31F2-42A2-B15D-E75F98ECCFD6}"
EndProject
Global
	GlobalSection(SolutionConfigurationPlatforms) = preSolution
		Debug|Any CPU = Debug|Any CPU
		Release|Any CPU = Release|Any CPU
	EndGlobalSection
	GlobalSection(ProjectConfigurationPlatforms) = postSolution
		{FC411F63-7F7D-4713-BAB1-60E4F780DCF6}.Debug|Any CPU.ActiveCfg = Debug|Any CPU
		{FC411F63-7F7D-4713-BAB1-60E4F780DCF6}.Debug|Any CPU.Build.0 = Debug|Any CPU
		{FC411F63-7F7D-4713-BAB1-60E4F780DCF6}.Release|Any CPU.ActiveCfg = Release|Any CPU
		{FC411F63-7F7D-4713-BAB1-60E4F780DCF6}.Release|Any CPU.Build.0 = Release|Any CPU
		{3B9FF606-31F2-42A2-B15D-E75F98ECCFD6}.Debug|Any CPU.ActiveCfg = Debug|Any CPU
		{3B9FF606-31F2-42A2-B15D-E75F98ECCFD6}.Debug|Any CPU.Build.0 = Debug|Any CPU
		{3B9FF606-31F2-42A2-B15D-E75F98ECCFD6}.Release|Any CPU.ActiveCfg = Release|Any CPU
		{3B9FF606-31F2-42A2-B15D-E75F98ECCFD6}.Release|Any CPU.Build.0 = Release|Any CPU
	EndGlobalSection
	GlobalSection(SolutionProperties) = preSolution
		HideSolutionNode = FALSE
	EndGlobalSection
	GlobalSection(ExtensibilityGlobals) = postSolution
		SolutionGuid = {8BB264B1-6ECF-496B-94E9-6FFA2D718B69}
	EndGlobalSection
EndGlobal
